
Microsoft Visual Studio Solution File, Format Version 12.00
# Visual Studio Version 16
VisualStudioVersion = 16.0.31205.134
MinimumVisualStudioVersion = 10.0.40219.1
Project("{FAE04EC0-301F-11D3-BF4B-00C04F79EFBC}") = "View", "View\View.csproj", "{9A7BBE95-4B17-4B20-B16E-4E3412D71543}"
	ProjectSection(ProjectDependencies) = postProject
		{1AE56D25-7D84-41E4-9E31-43554400713E} = {1AE56D25-7D84-41E4-9E31-43554400713E}
	EndProjectSection
EndProject
Project("{FAE04EC0-301F-11D3-BF4B-00C04F79EFBC}") = "Model", "Model\Model.csproj", "{C5B57A07-0EFC-4815-8557-91B81C15FF3C}"
EndProject
Project("{FAE04EC0-301F-11D3-BF4B-00C04F79EFBC}") = "ViewModel", "ViewModel\ViewModel.csproj", "{1AE56D25-7D84-41E4-9E31-43554400713E}"
	ProjectSection(ProjectDependencies) = postProject
		{C5B57A07-0EFC-4815-8557-91B81C15FF3C} = {C5B57A07-0EFC-4815-8557-91B81C15FF3C}
	EndProjectSection
EndProject
Global
	GlobalSection(SolutionConfigurationPlatforms) = preSolution
		Debug|Any CPU = Debug|Any CPU
		Release|Any CPU = Release|Any CPU
	EndGlobalSection
	GlobalSection(ProjectConfigurationPlatforms) = postSolution
		{9A7BBE95-4B17-4B20-B16E-4E3412D71543}.Debug|Any CPU.ActiveCfg = Debug|Any CPU
		{9A7BBE95-4B17-4B20-B16E-4E3412D71543}.Debug|Any CPU.Build.0 = Debug|Any CPU
		{9A7BBE95-4B17-4B20-B16E-4E3412D71543}.Release|Any CPU.ActiveCfg = Release|Any CPU
		{9A7BBE95-4B17-4B20-B16E-4E3412D71543}.Release|Any CPU.Build.0 = Release|Any CPU
		{C5B57A07-0EFC-4815-8557-91B81C15FF3C}.Debug|Any CPU.ActiveCfg = Debug|Any CPU
		{C5B57A07-0EFC-4815-8557-91B81C15FF3C}.Debug|Any CPU.Build.0 = Debug|Any CPU
		{C5B57A07-0EFC-4815-8557-91B81C15FF3C}.Release|Any CPU.ActiveCfg = Release|Any CPU
		{C5B57A07-0EFC-4815-8557-91B81C15FF3C}.Release|Any CPU.Build.0 = Release|Any CPU
		{1AE56D25-7D84-41E4-9E31-43554400713E}.Debug|Any CPU.ActiveCfg = Debug|Any CPU
		{1AE56D25-7D84-41E4-9E31-43554400713E}.Debug|Any CPU.Build.0 = Debug|Any CPU
		{1AE56D25-7D84-41E4-9E31-43554400713E}.Release|Any CPU.ActiveCfg = Release|Any CPU
		{1AE56D25-7D84-41E4-9E31-43554400713E}.Release|Any CPU.Build.0 = Release|Any CPU
	EndGlobalSection
	GlobalSection(SolutionProperties) = preSolution
		HideSolutionNode = FALSE
	EndGlobalSection
	GlobalSection(ExtensibilityGlobals) = postSolution
		SolutionGuid = {478F7FE9-8779-4E4A-B79E-DE2BE0681CAA}
	EndGlobalSection
EndGlobal
